
Microsoft Visual Studio Solution File, Format Version 12.00
# Visual Studio Version 17
VisualStudioVersion = 17.3.32929.385
MinimumVisualStudioVersion = 10.0.40219.1
Project("{8BC9CEB8-8B4A-11D0-8D11-00A0C91BC942}") = "Class_Array_thisPointer_18", "Class_Array_thisPointer_18\Class_Array_thisPointer_18.vcxproj", "{3E443888-9AD0-4896-9B5B-19D43127DBB7}"
EndProject
Global
	GlobalSection(SolutionConfigurationPlatforms) = preSolution
		Debug|x64 = Debug|x64
		Debug|x86 = Debug|x86
		Release|x64 = Release|x64
		Release|x86 = Release|x86
	EndGlobalSection
	GlobalSection(ProjectConfigurationPlatforms) = postSolution
		{3E443888-9AD0-4896-9B5B-19D43127DBB7}.Debug|x64.ActiveCfg = Debug|x64
		{3E443888-9AD0-4896-9B5B-19D43127DBB7}.Debug|x64.Build.0 = Debug|x64
		{3E443888-9AD0-4896-9B5B-19D43127DBB7}.Debug|x86.ActiveCfg = Debug|Win32
		{3E443888-9AD0-4896-9B5B-19D43127DBB7}.Debug|x86.Build.0 = Debug|Win32
		{3E443888-9AD0-4896-9B5B-19D43127DBB7}.Release|x64.ActiveCfg = Release|x64
		{3E443888-9AD0-4896-9B5B-19D43127DBB7}.Release|x64.Build.0 = Release|x64
		{3E443888-9AD0-4896-9B5B-19D43127DBB7}.Release|x86.ActiveCfg = Release|Win32
		{3E443888-9AD0-4896-9B5B-19D43127DBB7}.Release|x86.Build.0 = Release|Win32
	EndGlobalSection
	GlobalSection(SolutionProperties) = preSolution
		HideSolutionNode = FALSE
	EndGlobalSection
	GlobalSection(ExtensibilityGlobals) = postSolution
		SolutionGuid = {F4B80ABF-1005-44CD-840B-6C969867B0A1}
	EndGlobalSection
EndGlobal
